
Microsoft Visual Studio Solution File, Format Version 12.00
# Visual Studio Version 17
VisualStudioVersion = 17.3.32922.545
MinimumVisualStudioVersion = 10.0.40219.1
Project("{FAE04EC0-301F-11D3-BF4B-00C04F79EFBC}") = "DZ_2_c_dies", "DZ_2_c_dies\DZ_2_c_dies.csproj", "{AF33DF7E-861E-4578-B8F7-C144477F8831}"
EndProject
Global
	GlobalSection(SolutionConfigurationPlatforms) = preSolution
		Debug|Any CPU = Debug|Any CPU
		Release|Any CPU = Release|Any CPU
	EndGlobalSection
	GlobalSection(ProjectConfigurationPlatforms) = postSolution
		{AF33DF7E-861E-4578-B8F7-C144477F8831}.Debug|Any CPU.ActiveCfg = Debug|Any CPU
		{AF33DF7E-861E-4578-B8F7-C144477F8831}.Debug|Any CPU.Build.0 = Debug|Any CPU
		{AF33DF7E-861E-4578-B8F7-C144477F8831}.Release|Any CPU.ActiveCfg = Release|Any CPU
		{AF33DF7E-861E-4578-B8F7-C144477F8831}.Release|Any CPU.Build.0 = Release|Any CPU
	EndGlobalSection
	GlobalSection(SolutionProperties) = preSolution
		HideSolutionNode = FALSE
	EndGlobalSection
	GlobalSection(ExtensibilityGlobals) = postSolution
		SolutionGuid = {91B38CC8-0D19-4759-A1CB-54D45A4A0ADD}
	EndGlobalSection
EndGlobal
